
Microsoft Visual Studio Solution File, Format Version 12.00
# Visual Studio Version 17
VisualStudioVersion = 17.10.35122.118
MinimumVisualStudioVersion = 10.0.40219.1
Project("{FAE04EC0-301F-11D3-BF4B-00C04F79EFBC}") = "Konyvtar1", "Konyvtar1\Konyvtar1.csproj", "{948B4AC3-A358-4391-8773-F2D73EC776C4}"
EndProject
Global
	GlobalSection(SolutionConfigurationPlatforms) = preSolution
		Debug|Any CPU = Debug|Any CPU
		Release|Any CPU = Release|Any CPU
	EndGlobalSection
	GlobalSection(ProjectConfigurationPlatforms) = postSolution
		{948B4AC3-A358-4391-8773-F2D73EC776C4}.Debug|Any CPU.ActiveCfg = Debug|Any CPU
		{948B4AC3-A358-4391-8773-F2D73EC776C4}.Debug|Any CPU.Build.0 = Debug|Any CPU
		{948B4AC3-A358-4391-8773-F2D73EC776C4}.Release|Any CPU.ActiveCfg = Release|Any CPU
		{948B4AC3-A358-4391-8773-F2D73EC776C4}.Release|Any CPU.Build.0 = Release|Any CPU
	EndGlobalSection
	GlobalSection(SolutionProperties) = preSolution
		HideSolutionNode = FALSE
	EndGlobalSection
	GlobalSection(ExtensibilityGlobals) = postSolution
		SolutionGuid = {1AFA0D0B-6193-4C2A-954F-C03E7C3EE8B4}
	EndGlobalSection
EndGlobal
